
Microsoft Visual Studio Solution File, Format Version 12.00
# Visual Studio Version 16
VisualStudioVersion = 25.0.1703.8
MinimumVisualStudioVersion = 10.0.40219.1
Project("{FAE04EC0-301F-11D3-BF4B-00C04F79EFBC}") = "GitTest", "GitTest\GitTest.csproj", "{0BC1FEDC-87D8-4E84-9612-64EA7C5A942D}"
EndProject
Global
	GlobalSection(SolutionConfigurationPlatforms) = preSolution
		Debug|Any CPU = Debug|Any CPU
		Release|Any CPU = Release|Any CPU
	EndGlobalSection
	GlobalSection(ProjectConfigurationPlatforms) = postSolution
		{0BC1FEDC-87D8-4E84-9612-64EA7C5A942D}.Debug|Any CPU.ActiveCfg = Debug|Any CPU
		{0BC1FEDC-87D8-4E84-9612-64EA7C5A942D}.Debug|Any CPU.Build.0 = Debug|Any CPU
		{0BC1FEDC-87D8-4E84-9612-64EA7C5A942D}.Release|Any CPU.ActiveCfg = Release|Any CPU
		{0BC1FEDC-87D8-4E84-9612-64EA7C5A942D}.Release|Any CPU.Build.0 = Release|Any CPU
	EndGlobalSection
	GlobalSection(SolutionProperties) = preSolution
		HideSolutionNode = FALSE
	EndGlobalSection
	GlobalSection(ExtensibilityGlobals) = postSolution
		SolutionGuid = {F7128C24-5959-496F-A5B2-0E778447D269}
	EndGlobalSection
EndGlobal
